
Microsoft Visual Studio Solution File, Format Version 12.00
# Visual Studio 2012
Project("{FAE04EC0-301F-11D3-BF4B-00C04F79EFBC}") = "001_TableAdapter", "001_TableAdapter\001_TableAdapter.csproj", "{9466F0AE-7DDC-42CA-B59B-00C23FED1A7E}"
EndProject
Project("{FAE04EC0-301F-11D3-BF4B-00C04F79EFBC}") = "002_TableAdapter", "002_TableAdapter\002_TableAdapter.csproj", "{60E6CAE7-222A-4BB1-834A-070785963D8A}"
EndProject
Project("{FAE04EC0-301F-11D3-BF4B-00C04F79EFBC}") = "003_TableAdapter", "003_TableAdapter\003_TableAdapter.csproj", "{CF8ED14F-EF51-4D89-9FC4-AADBB6724B50}"
EndProject
Global
	GlobalSection(SolutionConfigurationPlatforms) = preSolution
		Debug|Any CPU = Debug|Any CPU
		Release|Any CPU = Release|Any CPU
	EndGlobalSection
	GlobalSection(ProjectConfigurationPlatforms) = postSolution
		{9466F0AE-7DDC-42CA-B59B-00C23FED1A7E}.Debug|Any CPU.ActiveCfg = Debug|Any CPU
		{9466F0AE-7DDC-42CA-B59B-00C23FED1A7E}.Debug|Any CPU.Build.0 = Debug|Any CPU
		{9466F0AE-7DDC-42CA-B59B-00C23FED1A7E}.Release|Any CPU.ActiveCfg = Release|Any CPU
		{9466F0AE-7DDC-42CA-B59B-00C23FED1A7E}.Release|Any CPU.Build.0 = Release|Any CPU
		{60E6CAE7-222A-4BB1-834A-070785963D8A}.Debug|Any CPU.ActiveCfg = Debug|Any CPU
		{60E6CAE7-222A-4BB1-834A-070785963D8A}.Debug|Any CPU.Build.0 = Debug|Any CPU
		{60E6CAE7-222A-4BB1-834A-070785963D8A}.Release|Any CPU.ActiveCfg = Release|Any CPU
		{60E6CAE7-222A-4BB1-834A-070785963D8A}.Release|Any CPU.Build.0 = Release|Any CPU
		{CF8ED14F-EF51-4D89-9FC4-AADBB6724B50}.Debug|Any CPU.ActiveCfg = Debug|Any CPU
		{CF8ED14F-EF51-4D89-9FC4-AADBB6724B50}.Debug|Any CPU.Build.0 = Debug|Any CPU
		{CF8ED14F-EF51-4D89-9FC4-AADBB6724B50}.Release|Any CPU.ActiveCfg = Release|Any CPU
		{CF8ED14F-EF51-4D89-9FC4-AADBB6724B50}.Release|Any CPU.Build.0 = Release|Any CPU
	EndGlobalSection
	GlobalSection(SolutionProperties) = preSolution
		HideSolutionNode = FALSE
	EndGlobalSection
EndGlobal
